
Microsoft Visual Studio Solution File, Format Version 12.00
# Visual Studio Version 16
VisualStudioVersion = 16.0.30907.101
MinimumVisualStudioVersion = 10.0.40219.1
Project("{FAE04EC0-301F-11D3-BF4B-00C04F79EFBC}") = "CrudApp", "CrudApp.csproj", "{90EE02AF-6E2C-45FB-9DA4-3EE7154676BA}"
EndProject
Global
	GlobalSection(SolutionConfigurationPlatforms) = preSolution
		Debug|Any CPU = Debug|Any CPU
		Release|Any CPU = Release|Any CPU
	EndGlobalSection
	GlobalSection(ProjectConfigurationPlatforms) = postSolution
		{90EE02AF-6E2C-45FB-9DA4-3EE7154676BA}.Debug|Any CPU.ActiveCfg = Debug|Any CPU
		{90EE02AF-6E2C-45FB-9DA4-3EE7154676BA}.Debug|Any CPU.Build.0 = Debug|Any CPU
		{90EE02AF-6E2C-45FB-9DA4-3EE7154676BA}.Release|Any CPU.ActiveCfg = Release|Any CPU
		{90EE02AF-6E2C-45FB-9DA4-3EE7154676BA}.Release|Any CPU.Build.0 = Release|Any CPU
	EndGlobalSection
	GlobalSection(SolutionProperties) = preSolution
		HideSolutionNode = FALSE
	EndGlobalSection
	GlobalSection(ExtensibilityGlobals) = postSolution
		SolutionGuid = {31321061-192D-4F0B-9DD3-FF0C6919C544}
	EndGlobalSection
EndGlobal
